
Microsoft Visual Studio Solution File, Format Version 12.00
# Visual Studio Version 16
VisualStudioVersion = 16.0.29102.190
MinimumVisualStudioVersion = 10.0.40219.1
Project("{9A19103F-16F7-4668-BE54-9A1E7A4F7556}") = "XCurrency.Entities", "shared\xcurrency.entities\XCurrency.Entities.csproj", "{B156079D-2229-43DA-AFE8-3511597988D9}"
EndProject
Project("{2150E333-8FDC-42A3-9474-1A3956D46DE8}") = "Shared", "Shared", "{E364955C-54D5-4C7E-9480-44577E1F2B13}"
EndProject
Project("{2150E333-8FDC-42A3-9474-1A3956D46DE8}") = "Services", "Services", "{ABC03AE3-23E0-41A2-BEA8-13DEF96D500A}"
EndProject
Project("{2150E333-8FDC-42A3-9474-1A3956D46DE8}") = "Business", "Business", "{C3D2D2F0-43C9-4963-BDB4-3EB80E1AE3D2}"
EndProject
Project("{9A19103F-16F7-4668-BE54-9A1E7A4F7556}") = "XCurrency.Engine", "business\xcurrency.engine\XCurrency.Engine.csproj", "{BD40B1E4-C9FD-4B81-A483-E21239190BEF}"
EndProject
Project("{9A19103F-16F7-4668-BE54-9A1E7A4F7556}") = "XCurrency.Webapi", "Services\XCurrency.Webapi\XCurrency.Webapi.csproj", "{DF5EC685-0EB4-453C-A991-A4ED470C6439}"
EndProject
Project("{FAE04EC0-301F-11D3-BF4B-00C04F79EFBC}") = "XCurrency.Framework", "Shared\XCurrency.Framework\XCurrency.Framework.csproj", "{6B98DA58-E7EE-422B-954B-2BC773BCEC15}"
EndProject
Global
	GlobalSection(SolutionConfigurationPlatforms) = preSolution
		Debug|Any CPU = Debug|Any CPU
		Release|Any CPU = Release|Any CPU
	EndGlobalSection
	GlobalSection(ProjectConfigurationPlatforms) = postSolution
		{B156079D-2229-43DA-AFE8-3511597988D9}.Debug|Any CPU.ActiveCfg = Debug|Any CPU
		{B156079D-2229-43DA-AFE8-3511597988D9}.Debug|Any CPU.Build.0 = Debug|Any CPU
		{B156079D-2229-43DA-AFE8-3511597988D9}.Release|Any CPU.ActiveCfg = Release|Any CPU
		{B156079D-2229-43DA-AFE8-3511597988D9}.Release|Any CPU.Build.0 = Release|Any CPU
		{BD40B1E4-C9FD-4B81-A483-E21239190BEF}.Debug|Any CPU.ActiveCfg = Debug|Any CPU
		{BD40B1E4-C9FD-4B81-A483-E21239190BEF}.Debug|Any CPU.Build.0 = Debug|Any CPU
		{BD40B1E4-C9FD-4B81-A483-E21239190BEF}.Release|Any CPU.ActiveCfg = Release|Any CPU
		{BD40B1E4-C9FD-4B81-A483-E21239190BEF}.Release|Any CPU.Build.0 = Release|Any CPU
		{DF5EC685-0EB4-453C-A991-A4ED470C6439}.Debug|Any CPU.ActiveCfg = Debug|Any CPU
		{DF5EC685-0EB4-453C-A991-A4ED470C6439}.Debug|Any CPU.Build.0 = Debug|Any CPU
		{DF5EC685-0EB4-453C-A991-A4ED470C6439}.Release|Any CPU.ActiveCfg = Release|Any CPU
		{DF5EC685-0EB4-453C-A991-A4ED470C6439}.Release|Any CPU.Build.0 = Release|Any CPU
		{6B98DA58-E7EE-422B-954B-2BC773BCEC15}.Debug|Any CPU.ActiveCfg = Debug|Any CPU
		{6B98DA58-E7EE-422B-954B-2BC773BCEC15}.Debug|Any CPU.Build.0 = Debug|Any CPU
		{6B98DA58-E7EE-422B-954B-2BC773BCEC15}.Release|Any CPU.ActiveCfg = Release|Any CPU
		{6B98DA58-E7EE-422B-954B-2BC773BCEC15}.Release|Any CPU.Build.0 = Release|Any CPU
	EndGlobalSection
	GlobalSection(SolutionProperties) = preSolution
		HideSolutionNode = FALSE
	EndGlobalSection
	GlobalSection(NestedProjects) = preSolution
		{B156079D-2229-43DA-AFE8-3511597988D9} = {E364955C-54D5-4C7E-9480-44577E1F2B13}
		{BD40B1E4-C9FD-4B81-A483-E21239190BEF} = {C3D2D2F0-43C9-4963-BDB4-3EB80E1AE3D2}
		{DF5EC685-0EB4-453C-A991-A4ED470C6439} = {ABC03AE3-23E0-41A2-BEA8-13DEF96D500A}
		{6B98DA58-E7EE-422B-954B-2BC773BCEC15} = {E364955C-54D5-4C7E-9480-44577E1F2B13}
	EndGlobalSection
	GlobalSection(ExtensibilityGlobals) = postSolution
		SolutionGuid = {2B75DF3B-EDEF-4CF6-AF87-9F16462AB34F}
	EndGlobalSection
EndGlobal
